
Microsoft Visual Studio Solution File, Format Version 12.00
# Visual Studio 14
VisualStudioVersion = 14.0.25123.0
MinimumVisualStudioVersion = 10.0.40219.1
Project("{FAE04EC0-301F-11D3-BF4B-00C04F79EFBC}") = "AppLauncherForChrome", "AppLauncherForChrome\AppLauncherForChrome.csproj", "{F1A78C05-DFCE-4C23-9FE3-3EEE8EFFB7EE}"
EndProject
Global
	GlobalSection(SolutionConfigurationPlatforms) = preSolution
		Debug|Any CPU = Debug|Any CPU
		Release|Any CPU = Release|Any CPU
	EndGlobalSection
	GlobalSection(ProjectConfigurationPlatforms) = postSolution
		{F1A78C05-DFCE-4C23-9FE3-3EEE8EFFB7EE}.Debug|Any CPU.ActiveCfg = Debug|Any CPU
		{F1A78C05-DFCE-4C23-9FE3-3EEE8EFFB7EE}.Debug|Any CPU.Build.0 = Debug|Any CPU
		{F1A78C05-DFCE-4C23-9FE3-3EEE8EFFB7EE}.Release|Any CPU.ActiveCfg = Release|Any CPU
		{F1A78C05-DFCE-4C23-9FE3-3EEE8EFFB7EE}.Release|Any CPU.Build.0 = Release|Any CPU
	EndGlobalSection
	GlobalSection(SolutionProperties) = preSolution
		HideSolutionNode = FALSE
	EndGlobalSection
EndGlobal
